
Microsoft Visual Studio Solution File, Format Version 12.00
# Visual Studio Version 16
VisualStudioVersion = 16.0.35026.282
MinimumVisualStudioVersion = 10.0.40219.1
Project("{FAE04EC0-301F-11D3-BF4B-00C04F79EFBC}") = "threelay", "threelay\threelay.csproj", "{2096EA9D-1323-41E1-8C0B-05422C14619D}"
EndProject
Project("{FAE04EC0-301F-11D3-BF4B-00C04F79EFBC}") = "BLL", "..\..\THREE LAYER\BLL\BLL.csproj", "{B20BE82C-3AD6-4042-9595-C6DC1E33BCEB}"
EndProject
Project("{FAE04EC0-301F-11D3-BF4B-00C04F79EFBC}") = "DAL", "DAL\DAL.csproj", "{7FBD7141-2610-493A-AFAB-02F1E825B71F}"
EndProject
Global
	GlobalSection(SolutionConfigurationPlatforms) = preSolution
		Debug|Any CPU = Debug|Any CPU
		Release|Any CPU = Release|Any CPU
	EndGlobalSection
	GlobalSection(ProjectConfigurationPlatforms) = postSolution
		{2096EA9D-1323-41E1-8C0B-05422C14619D}.Debug|Any CPU.ActiveCfg = Debug|Any CPU
		{2096EA9D-1323-41E1-8C0B-05422C14619D}.Debug|Any CPU.Build.0 = Debug|Any CPU
		{2096EA9D-1323-41E1-8C0B-05422C14619D}.Release|Any CPU.ActiveCfg = Release|Any CPU
		{2096EA9D-1323-41E1-8C0B-05422C14619D}.Release|Any CPU.Build.0 = Release|Any CPU
		{B20BE82C-3AD6-4042-9595-C6DC1E33BCEB}.Debug|Any CPU.ActiveCfg = Debug|Any CPU
		{B20BE82C-3AD6-4042-9595-C6DC1E33BCEB}.Debug|Any CPU.Build.0 = Debug|Any CPU
		{B20BE82C-3AD6-4042-9595-C6DC1E33BCEB}.Release|Any CPU.ActiveCfg = Release|Any CPU
		{B20BE82C-3AD6-4042-9595-C6DC1E33BCEB}.Release|Any CPU.Build.0 = Release|Any CPU
		{7FBD7141-2610-493A-AFAB-02F1E825B71F}.Debug|Any CPU.ActiveCfg = Debug|Any CPU
		{7FBD7141-2610-493A-AFAB-02F1E825B71F}.Debug|Any CPU.Build.0 = Debug|Any CPU
		{7FBD7141-2610-493A-AFAB-02F1E825B71F}.Release|Any CPU.ActiveCfg = Release|Any CPU
		{7FBD7141-2610-493A-AFAB-02F1E825B71F}.Release|Any CPU.Build.0 = Release|Any CPU
	EndGlobalSection
	GlobalSection(SolutionProperties) = preSolution
		HideSolutionNode = FALSE
	EndGlobalSection
	GlobalSection(ExtensibilityGlobals) = postSolution
		SolutionGuid = {7A014133-0946-4C09-8222-93D7EAC211C6}
	EndGlobalSection
EndGlobal
